# THIS IS AN AUTOGENERATED FILE. DO NOT EDIT THIS FILE DIRECTLY.
# yarn lockfile v1


turbo-darwin-64@1.5.3:
  version "1.5.3"
  resolved "https://registry.yarnpkg.com/turbo-darwin-64/-/turbo-darwin-64-1.5.3.tgz#3d0f621bacbf4c1ef48148123f80f6844a1e3b1c"
  integrity sha512-MBS8b/3DuMY6v3ljEX9qssHGQXnI4VDWLqvQ6FGfZFMp8lqa7mfoXv1U/MNR9OhSczaftsIS1e9mnD9m/qv7TQ==

turbo-darwin-arm64@1.5.3:
  version "1.5.3"
  resolved "https://registry.yarnpkg.com/turbo-darwin-arm64/-/turbo-darwin-arm64-1.5.3.tgz#b610d229e94a007a4901ff92492f2c958f9548ef"
  integrity sha512-XNSV6SaxS8dAvGx2BF3H7MsKZ4zchj2kP/eXTss/vUcSRsS+zx0urZcEgxeGUeMk7V7fJq/5Ow7thApNojpwpw==

turbo-linux-64@1.5.3:
  version "1.5.3"
  resolved "https://registry.yarnpkg.com/turbo-linux-64/-/turbo-linux-64-1.5.3.tgz#d9c8b5845bc45ffe285f65fad8c169455af882c7"
  integrity sha512-YhYu50CUvy5m80l6dEXEgC3CvjjTelQb14fknAzIXoKztbWhBZqUCucR6jLRZpKgODwP4Fo4LUzz478EMwqy/Q==

turbo-linux-arm64@1.5.3:
  version "1.5.3"
  resolved "https://registry.yarnpkg.com/turbo-linux-arm64/-/turbo-linux-arm64-1.5.3.tgz#0e649e544620b23b05b5cf19de28f2ce61acbc84"
  integrity sha512-JjJjxy0kkr/xAWAAE8t7UaTBc3GUc5Tz/Bupbve2VzG0w75md0LqXUV34WpyxMiNTNLmK8Dq7bIczG6OkJ29xQ==

turbo-windows-64@1.5.3:
  version "1.5.3"
  resolved "https://registry.yarnpkg.com/turbo-windows-64/-/turbo-windows-64-1.5.3.tgz#6ce45c184fa67133d33cdd6311ed29a157f4a350"
  integrity sha512-PS7+Isy7OX9xWWvtg2FKmh/eN4fTNR2r6RW5m+b+zR7t04QLWYOya1R8CeqgA6GyeFpn4KUxC+AeZ0wOi8RSPw==

turbo-windows-arm64@1.5.3:
  version "1.5.3"
  resolved "https://registry.yarnpkg.com/turbo-windows-arm64/-/turbo-windows-arm64-1.5.3.tgz#81e955f31462954871be1712a8e783e7981ad067"
  integrity sha512-DQzjFbPRd/Db5kkJtCER5DNcbY4ez5Bh8usemNlPZQ7I/5XwEUl9Rn3ss2LJsiv/pR7PkY92TUvmyFtBnqao8Q==

turbo@^1.5.3:
  version "1.5.3"
  resolved "https://registry.yarnpkg.com/turbo/-/turbo-1.5.3.tgz#f0975b9c8ddfd296735ccdadadf3270cf170ab59"
  integrity sha512-/94cswfhXr6wWD6CFyF7E8bjEdjar4O+gzCJ3d49X9t9u9aDYFoQH/TlYTSNbAwXYiGqzJoodhf3kXRyrAiqSg==
  optionalDependencies:
    turbo-darwin-64 "1.5.3"
    turbo-darwin-arm64 "1.5.3"
    turbo-linux-64 "1.5.3"
    turbo-linux-arm64 "1.5.3"
    turbo-windows-64 "1.5.3"
    turbo-windows-arm64 "1.5.3"
